// !$*UTF8*$!
{
	archiveVersion = 1;
	classes = {
	};
	objectVersion = 56;
	objects = {

/* Begin PBXBuildFile section */
		30033B582C624251007DBE0A /* TestStoreApp.swift in Sources */ = {isa = PBXBuildFile; fileRef = 30033B572C624251007DBE0A /* TestStoreApp.swift */; };
		30033B5A2C624251007DBE0A /* Store.swift in Sources */ = {isa = PBXBuildFile; fileRef = 30033B592C624251007DBE0A /* Store.swift */; };
		30033B5C2C624253007DBE0A /* Assets.xcassets in Resources */ = {isa = PBXBuildFile; fileRef = 30033B5B2C624253007DBE0A /* Assets.xcassets */; };
		30033B5F2C624253007DBE0A /* Preview Assets.xcassets in Resources */ = {isa = PBXBuildFile; fileRef = 30033B5E2C624253007DBE0A /* Preview Assets.xcassets */; };
		30033B672C62432B007DBE0A /* ListCellView.swift in Sources */ = {isa = PBXBuildFile; fileRef = 30033B662C62432B007DBE0A /* ListCellView.swift */; };
		30033B6A2C63B04E007DBE0A /* BasketButtonView.swift in Sources */ = {isa = PBXBuildFile; fileRef = 30033B692C63B04E007DBE0A /* BasketButtonView.swift */; };
		30033B6C2C63B0A7007DBE0A /* GridCellView.swift in Sources */ = {isa = PBXBuildFile; fileRef = 30033B6B2C63B0A7007DBE0A /* GridCellView.swift */; };
		30033B6E2C63D2D8007DBE0A /* AddInBasket.swift in Sources */ = {isa = PBXBuildFile; fileRef = 30033B6D2C63D2D8007DBE0A /* AddInBasket.swift */; };
		30033B712C63E082007DBE0A /* ViewModel.swift in Sources */ = {isa = PBXBuildFile; fileRef = 30033B702C63E082007DBE0A /* ViewModel.swift */; };
		30033B752C63E0D9007DBE0A /* TestStore.xcdatamodeld in Sources */ = {isa = PBXBuildFile; fileRef = 30033B732C63E0D9007DBE0A /* TestStore.xcdatamodeld */; };
		30033B772C63E1B0007DBE0A /* CoreDataManager.swift in Sources */ = {isa = PBXBuildFile; fileRef = 30033B762C63E1B0007DBE0A /* CoreDataManager.swift */; };
		30033B8A2C63E20E007DBE0A /* UIImageTransformer.swift in Sources */ = {isa = PBXBuildFile; fileRef = 30033B892C63E20E007DBE0A /* UIImageTransformer.swift */; };
		30033B8C2C63E241007DBE0A /* Product.swift in Sources */ = {isa = PBXBuildFile; fileRef = 30033B8B2C63E241007DBE0A /* Product.swift */; };
		30033B8F2C63F423007DBE0A /* BasketModel.swift in Sources */ = {isa = PBXBuildFile; fileRef = 30033B8E2C63F423007DBE0A /* BasketModel.swift */; };
		30033B922C63F64B007DBE0A /* Basketview.swift in Sources */ = {isa = PBXBuildFile; fileRef = 30033B912C63F64B007DBE0A /* Basketview.swift */; };
		30033B942C63F6CB007DBE0A /* BasketCellView.swift in Sources */ = {isa = PBXBuildFile; fileRef = 30033B932C63F6CB007DBE0A /* BasketCellView.swift */; };
/* End PBXBuildFile section */

/* Begin PBXFileReference section */
		30033B542C624251007DBE0A /* TestStore.app */ = {isa = PBXFileReference; explicitFileType = wrapper.application; includeInIndex = 0; path = TestStore.app; sourceTree = BUILT_PRODUCTS_DIR; };
		30033B572C624251007DBE0A /* TestStoreApp.swift */ = {isa = PBXFileReference; lastKnownFileType = sourcecode.swift; path = TestStoreApp.swift; sourceTree = "<group>"; };
		30033B592C624251007DBE0A /* Store.swift */ = {isa = PBXFileReference; lastKnownFileType = sourcecode.swift; path = Store.swift; sourceTree = "<group>"; };
		30033B5B2C624253007DBE0A /* Assets.xcassets */ = {isa = PBXFileReference; lastKnownFileType = folder.assetcatalog; path = Assets.xcassets; sourceTree = "<group>"; };
		30033B5E2C624253007DBE0A /* Preview Assets.xcassets */ = {isa = PBXFileReference; lastKnownFileType = folder.assetcatalog; path = "Preview Assets.xcassets"; sourceTree = "<group>"; };
		30033B662C62432B007DBE0A /* ListCellView.swift */ = {isa = PBXFileReference; lastKnownFileType = sourcecode.swift; path = ListCellView.swift; sourceTree = "<group>"; };
		30033B692C63B04E007DBE0A /* BasketButtonView.swift */ = {isa = PBXFileReference; lastKnownFileType = sourcecode.swift; path = BasketButtonView.swift; sourceTree = "<group>"; };
		30033B6B2C63B0A7007DBE0A /* GridCellView.swift */ = {isa = PBXFileReference; lastKnownFileType = sourcecode.swift; path = GridCellView.swift; sourceTree = "<group>"; };
		30033B6D2C63D2D8007DBE0A /* AddInBasket.swift */ = {isa = PBXFileReference; lastKnownFileType = sourcecode.swift; path = AddInBasket.swift; sourceTree = "<group>"; };
		30033B702C63E082007DBE0A /* ViewModel.swift */ = {isa = PBXFileReference; lastKnownFileType = sourcecode.swift; path = ViewModel.swift; sourceTree = "<group>"; };
		30033B742C63E0D9007DBE0A /* TestStore.xcdatamodel */ = {isa = PBXFileReference; lastKnownFileType = wrapper.xcdatamodel; path = TestStore.xcdatamodel; sourceTree = "<group>"; };
		30033B762C63E1B0007DBE0A /* CoreDataManager.swift */ = {isa = PBXFileReference; lastKnownFileType = sourcecode.swift; path = CoreDataManager.swift; sourceTree = "<group>"; };
		30033B892C63E20E007DBE0A /* UIImageTransformer.swift */ = {isa = PBXFileReference; fileEncoding = 4; lastKnownFileType = sourcecode.swift; path = UIImageTransformer.swift; sourceTree = "<group>"; };
		30033B8B2C63E241007DBE0A /* Product.swift */ = {isa = PBXFileReference; lastKnownFileType = sourcecode.swift; path = Product.swift; sourceTree = "<group>"; };
		30033B8E2C63F423007DBE0A /* BasketModel.swift */ = {isa = PBXFileReference; lastKnownFileType = sourcecode.swift; path = BasketModel.swift; sourceTree = "<group>"; };
		30033B912C63F64B007DBE0A /* Basketview.swift */ = {isa = PBXFileReference; lastKnownFileType = sourcecode.swift; path = Basketview.swift; sourceTree = "<group>"; };
		30033B932C63F6CB007DBE0A /* BasketCellView.swift */ = {isa = PBXFileReference; lastKnownFileType = sourcecode.swift; path = BasketCellView.swift; sourceTree = "<group>"; };
/* End PBXFileReference section */

/* Begin PBXFrameworksBuildPhase section */
		30033B512C624251007DBE0A /* Frameworks */ = {
			isa = PBXFrameworksBuildPhase;
			buildActionMask = 2147483647;
			files = (
			);
			runOnlyForDeploymentPostprocessing = 0;
		};
/* End PBXFrameworksBuildPhase section */

/* Begin PBXGroup section */
		30033B4B2C624251007DBE0A = {
			isa = PBXGroup;
			children = (
				30033B562C624251007DBE0A /* TestStore */,
				30033B552C624251007DBE0A /* Products */,
			);
			sourceTree = "<group>";
		};
		30033B552C624251007DBE0A /* Products */ = {
			isa = PBXGroup;
			children = (
				30033B542C624251007DBE0A /* TestStore.app */,
			);
			name = Products;
			sourceTree = "<group>";
		};
		30033B562C624251007DBE0A /* TestStore */ = {
			isa = PBXGroup;
			children = (
				30033B902C63F617007DBE0A /* Views */,
				30033B8D2C63F40E007DBE0A /* Model */,
				30033B722C63E0C5007DBE0A /* CoreData */,
				30033B6F2C63E06C007DBE0A /* ViewModel */,
				30033B682C63B039007DBE0A /* Helpers */,
				30033B652C624310007DBE0A /* Cells */,
				30033B572C624251007DBE0A /* TestStoreApp.swift */,
				30033B5B2C624253007DBE0A /* Assets.xcassets */,
				30033B5D2C624253007DBE0A /* Preview Content */,
			);
			path = TestStore;
			sourceTree = "<group>";
		};
		30033B5D2C624253007DBE0A /* Preview Content */ = {
			isa = PBXGroup;
			children = (
				30033B5E2C624253007DBE0A /* Preview Assets.xcassets */,
			);
			path = "Preview Content";
			sourceTree = "<group>";
		};
		30033B652C624310007DBE0A /* Cells */ = {
			isa = PBXGroup;
			children = (
				30033B662C62432B007DBE0A /* ListCellView.swift */,
				30033B6B2C63B0A7007DBE0A /* GridCellView.swift */,
				30033B932C63F6CB007DBE0A /* BasketCellView.swift */,
			);
			path = Cells;
			sourceTree = "<group>";
		};
		30033B682C63B039007DBE0A /* Helpers */ = {
			isa = PBXGroup;
			children = (
				30033B692C63B04E007DBE0A /* BasketButtonView.swift */,
				30033B6D2C63D2D8007DBE0A /* AddInBasket.swift */,
			);
			path = Helpers;
			sourceTree = "<group>";
		};
		30033B6F2C63E06C007DBE0A /* ViewModel */ = {
			isa = PBXGroup;
			children = (
				30033B702C63E082007DBE0A /* ViewModel.swift */,
			);
			path = ViewModel;
			sourceTree = "<group>";
		};
		30033B722C63E0C5007DBE0A /* CoreData */ = {
			isa = PBXGroup;
			children = (
				30033B732C63E0D9007DBE0A /* TestStore.xcdatamodeld */,
				30033B762C63E1B0007DBE0A /* CoreDataManager.swift */,
				30033B892C63E20E007DBE0A /* UIImageTransformer.swift */,
				30033B8B2C63E241007DBE0A /* Product.swift */,
			);
			path = CoreData;
			sourceTree = "<group>";
		};
		30033B8D2C63F40E007DBE0A /* Model */ = {
			isa = PBXGroup;
			children = (
				30033B8E2C63F423007DBE0A /* BasketModel.swift */,
			);
			path = Model;
			sourceTree = "<group>";
		};
		30033B902C63F617007DBE0A /* Views */ = {
			isa = PBXGroup;
			children = (
				30033B592C624251007DBE0A /* Store.swift */,
				30033B912C63F64B007DBE0A /* Basketview.swift */,
			);
			path = Views;
			sourceTree = "<group>";
		};
/* End PBXGroup section */

/* Begin PBXNativeTarget section */
		30033B532C624251007DBE0A /* TestStore */ = {
			isa = PBXNativeTarget;
			buildConfigurationList = 30033B622C624253007DBE0A /* Build configuration list for PBXNativeTarget "TestStore" */;
			buildPhases = (
				30033B502C624251007DBE0A /* Sources */,
				30033B512C624251007DBE0A /* Frameworks */,
				30033B522C624251007DBE0A /* Resources */,
			);
			buildRules = (
			);
			dependencies = (
			);
			name = TestStore;
			productName = TestStore;
			productReference = 30033B542C624251007DBE0A /* TestStore.app */;
			productType = "com.apple.product-type.application";
		};
/* End PBXNativeTarget section */

/* Begin PBXProject section */
		30033B4C2C624251007DBE0A /* Project object */ = {
			isa = PBXProject;
			attributes = {
				BuildIndependentTargetsInParallel = 1;
				LastSwiftUpdateCheck = 1540;
				LastUpgradeCheck = 1540;
				TargetAttributes = {
					30033B532C624251007DBE0A = {
						CreatedOnToolsVersion = 15.4;
					};
				};
			};
			buildConfigurationList = 30033B4F2C624251007DBE0A /* Build configuration list for PBXProject "TestStore" */;
			compatibilityVersion = "Xcode 14.0";
			developmentRegion = en;
			hasScannedForEncodings = 0;
			knownRegions = (
				en,
				Base,
			);
			mainGroup = 30033B4B2C624251007DBE0A;
			productRefGroup = 30033B552C624251007DBE0A /* Products */;
			projectDirPath = "";
			projectRoot = "";
			targets = (
				30033B532C624251007DBE0A /* TestStore */,
			);
		};
/* End PBXProject section */

/* Begin PBXResourcesBuildPhase section */
		30033B522C624251007DBE0A /* Resources */ = {
			isa = PBXResourcesBuildPhase;
			buildActionMask = 2147483647;
			files = (
				30033B5F2C624253007DBE0A /* Preview Assets.xcassets in Resources */,
				30033B5C2C624253007DBE0A /* Assets.xcassets in Resources */,
			);
			runOnlyForDeploymentPostprocessing = 0;
		};
/* End PBXResourcesBuildPhase section */

/* Begin PBXSourcesBuildPhase section */
		30033B502C624251007DBE0A /* Sources */ = {
			isa = PBXSourcesBuildPhase;
			buildActionMask = 2147483647;
			files = (
				30033B5A2C624251007DBE0A /* Store.swift in Sources */,
				30033B922C63F64B007DBE0A /* Basketview.swift in Sources */,
				30033B582C624251007DBE0A /* TestStoreApp.swift in Sources */,
				30033B672C62432B007DBE0A /* ListCellView.swift in Sources */,
				30033B752C63E0D9007DBE0A /* TestStore.xcdatamodeld in Sources */,
				30033B6C2C63B0A7007DBE0A /* GridCellView.swift in Sources */,
				30033B8C2C63E241007DBE0A /* Product.swift in Sources */,
				30033B6E2C63D2D8007DBE0A /* AddInBasket.swift in Sources */,
				30033B942C63F6CB007DBE0A /* BasketCellView.swift in Sources */,
				30033B8F2C63F423007DBE0A /* BasketModel.swift in Sources */,
				30033B772C63E1B0007DBE0A /* CoreDataManager.swift in Sources */,
				30033B6A2C63B04E007DBE0A /* BasketButtonView.swift in Sources */,
				30033B712C63E082007DBE0A /* ViewModel.swift in Sources */,
				30033B8A2C63E20E007DBE0A /* UIImageTransformer.swift in Sources */,
			);
			runOnlyForDeploymentPostprocessing = 0;
		};
/* End PBXSourcesBuildPhase section */

/* Begin XCBuildConfiguration section */
		30033B602C624253007DBE0A /* Debug */ = {
			isa = XCBuildConfiguration;
			buildSettings = {
				ALWAYS_SEARCH_USER_PATHS = NO;
				ASSETCATALOG_COMPILER_GENERATE_SWIFT_ASSET_SYMBOL_EXTENSIONS = YES;
				CLANG_ANALYZER_NONNULL = YES;
				CLANG_ANALYZER_NUMBER_OBJECT_CONVERSION = YES_AGGRESSIVE;
				CLANG_CXX_LANGUAGE_STANDARD = "gnu++20";
				CLANG_ENABLE_MODULES = YES;
				CLANG_ENABLE_OBJC_ARC = YES;
				CLANG_ENABLE_OBJC_WEAK = YES;
				CLANG_WARN_BLOCK_CAPTURE_AUTORELEASING = YES;
				CLANG_WARN_BOOL_CONVERSION = YES;
				CLANG_WARN_COMMA = YES;
				CLANG_WARN_CONSTANT_CONVERSION = YES;
				CLANG_WARN_DEPRECATED_OBJC_IMPLEMENTATIONS = YES;
				CLANG_WARN_DIRECT_OBJC_ISA_USAGE = YES_ERROR;
				CLANG_WARN_DOCUMENTATION_COMMENTS = YES;
				CLANG_WARN_EMPTY_BODY = YES;
				CLANG_WARN_ENUM_CONVERSION = YES;
				CLANG_WARN_INFINITE_RECURSION = YES;
				CLANG_WARN_INT_CONVERSION = YES;
				CLANG_WARN_NON_LITERAL_NULL_CONVERSION = YES;
				CLANG_WARN_OBJC_IMPLICIT_RETAIN_SELF = YES;
				CLANG_WARN_OBJC_LITERAL_CONVERSION = YES;
				CLANG_WARN_OBJC_ROOT_CLASS = YES_ERROR;
				CLANG_WARN_QUOTED_INCLUDE_IN_FRAMEWORK_HEADER = YES;
				CLANG_WARN_RANGE_LOOP_ANALYSIS = YES;
				CLANG_WARN_STRICT_PROTOTYPES = YES;
				CLANG_WARN_SUSPICIOUS_MOVE = YES;
				CLANG_WARN_UNGUARDED_AVAILABILITY = YES_AGGRESSIVE;
				CLANG_WARN_UNREACHABLE_CODE = YES;
				CLANG_WARN__DUPLICATE_METHOD_MATCH = YES;
				COPY_PHASE_STRIP = NO;
				DEBUG_INFORMATION_FORMAT = dwarf;
				ENABLE_STRICT_OBJC_MSGSEND = YES;
				ENABLE_TESTABILITY = YES;
				ENABLE_USER_SCRIPT_SANDBOXING = YES;
				GCC_C_LANGUAGE_STANDARD = gnu17;
				GCC_DYNAMIC_NO_PIC = NO;
				GCC_NO_COMMON_BLOCKS = YES;
				GCC_OPTIMIZATION_LEVEL = 0;
				GCC_PREPROCESSOR_DEFINITIONS = (
					"DEBUG=1",
					"$(inherited)",
				);
				GCC_WARN_64_TO_32_BIT_CONVERSION = YES;
				GCC_WARN_ABOUT_RETURN_TYPE = YES_ERROR;
				GCC_WARN_UNDECLARED_SELECTOR = YES;
				GCC_WARN_UNINITIALIZED_AUTOS = YES_AGGRESSIVE;
				GCC_WARN_UNUSED_FUNCTION = YES;
				GCC_WARN_UNUSED_VARIABLE = YES;
				IPHONEOS_DEPLOYMENT_TARGET = 17.5;
				LOCALIZATION_PREFERS_STRING_CATALOGS = YES;
				MTL_ENABLE_DEBUG_INFO = INCLUDE_SOURCE;
				MTL_FAST_MATH = YES;
				ONLY_ACTIVE_ARCH = YES;
				SDKROOT = iphoneos;
				SWIFT_ACTIVE_COMPILATION_CONDITIONS = "DEBUG $(inherited)";
				SWIFT_OPTIMIZATION_LEVEL = "-Onone";
			};
			name = Debug;
		};
		30033B612C624253007DBE0A /* Release */ = {
			isa = XCBuildConfiguration;
			buildSettings = {
				ALWAYS_SEARCH_USER_PATHS = NO;
				ASSETCATALOG_COMPILER_GENERATE_SWIFT_ASSET_SYMBOL_EXTENSIONS = YES;
				CLANG_ANALYZER_NONNULL = YES;
				CLANG_ANALYZER_NUMBER_OBJECT_CONVERSION = YES_AGGRESSIVE;
				CLANG_CXX_LANGUAGE_STANDARD = "gnu++20";
				CLANG_ENABLE_MODULES = YES;
				CLANG_ENABLE_OBJC_ARC = YES;
				CLANG_ENABLE_OBJC_WEAK = YES;
				CLANG_WARN_BLOCK_CAPTURE_AUTORELEASING = YES;
				CLANG_WARN_BOOL_CONVERSION = YES;
				CLANG_WARN_COMMA = YES;
				CLANG_WARN_CONSTANT_CONVERSION = YES;
				CLANG_WARN_DEPRECATED_OBJC_IMPLEMENTATIONS = YES;
				CLANG_WARN_DIRECT_OBJC_ISA_USAGE = YES_ERROR;
				CLANG_WARN_DOCUMENTATION_COMMENTS = YES;
				CLANG_WARN_EMPTY_BODY = YES;
				CLANG_WARN_ENUM_CONVERSION = YES;
				CLANG_WARN_INFINITE_RECURSION = YES;
				CLANG_WARN_INT_CONVERSION = YES;
				CLANG_WARN_NON_LITERAL_NULL_CONVERSION = YES;
				CLANG_WARN_OBJC_IMPLICIT_RETAIN_SELF = YES;
				CLANG_WARN_OBJC_LITERAL_CONVERSION = YES;
				CLANG_WARN_OBJC_ROOT_CLASS = YES_ERROR;
				CLANG_WARN_QUOTED_INCLUDE_IN_FRAMEWORK_HEADER = YES;
				CLANG_WARN_RANGE_LOOP_ANALYSIS = YES;
				CLANG_WARN_STRICT_PROTOTYPES = YES;
				CLANG_WARN_SUSPICIOUS_MOVE = YES;
				CLANG_WARN_UNGUARDED_AVAILABILITY = YES_AGGRESSIVE;
				CLANG_WARN_UNREACHABLE_CODE = YES;
				CLANG_WARN__DUPLICATE_METHOD_MATCH = YES;
				COPY_PHASE_STRIP = NO;
				DEBUG_INFORMATION_FORMAT = "dwarf-with-dsym";
				ENABLE_NS_ASSERTIONS = NO;
				ENABLE_STRICT_OBJC_MSGSEND = YES;
				ENABLE_USER_SCRIPT_SANDBOXING = YES;
				GCC_C_LANGUAGE_STANDARD = gnu17;
				GCC_NO_COMMON_BLOCKS = YES;
				GCC_WARN_64_TO_32_BIT_CONVERSION = YES;
				GCC_WARN_ABOUT_RETURN_TYPE = YES_ERROR;
				GCC_WARN_UNDECLARED_SELECTOR = YES;
				GCC_WARN_UNINITIALIZED_AUTOS = YES_AGGRESSIVE;
				GCC_WARN_UNUSED_FUNCTION = YES;
				GCC_WARN_UNUSED_VARIABLE = YES;
				IPHONEOS_DEPLOYMENT_TARGET = 17.5;
				LOCALIZATION_PREFERS_STRING_CATALOGS = YES;
				MTL_ENABLE_DEBUG_INFO = NO;
				MTL_FAST_MATH = YES;
				SDKROOT = iphoneos;
				SWIFT_COMPILATION_MODE = wholemodule;
				VALIDATE_PRODUCT = YES;
			};
			name = Release;
		};
		30033B632C624253007DBE0A /* Debug */ = {
			isa = XCBuildConfiguration;
			buildSettings = {
				ASSETCATALOG_COMPILER_APPICON_NAME = AppIcon;
				ASSETCATALOG_COMPILER_GLOBAL_ACCENT_COLOR_NAME = AccentColor;
				CODE_SIGN_STYLE = Automatic;
				CURRENT_PROJECT_VERSION = 1;
				DEVELOPMENT_ASSET_PATHS = "\"TestStore/Preview Content\"";
				DEVELOPMENT_TEAM = AR6AN34RS9;
				ENABLE_PREVIEWS = YES;
				GENERATE_INFOPLIST_FILE = YES;
				INFOPLIST_KEY_UIApplicationSceneManifest_Generation = YES;
				INFOPLIST_KEY_UIApplicationSupportsIndirectInputEvents = YES;
				INFOPLIST_KEY_UILaunchScreen_Generation = YES;
				INFOPLIST_KEY_UISupportedInterfaceOrientations_iPad = "UIInterfaceOrientationPortrait UIInterfaceOrientationPortraitUpsideDown UIInterfaceOrientationLandscapeLeft UIInterfaceOrientationLandscapeRight";
				INFOPLIST_KEY_UISupportedInterfaceOrientations_iPhone = "UIInterfaceOrientationPortrait UIInterfaceOrientationLandscapeLeft UIInterfaceOrientationLandscapeRight";
				LD_RUNPATH_SEARCH_PATHS = (
					"$(inherited)",
					"@executable_path/Frameworks",
				);
				MARKETING_VERSION = 1.0;
				PRODUCT_BUNDLE_IDENTIFIER = home.TestStore;
				PRODUCT_NAME = "$(TARGET_NAME)";
				SWIFT_EMIT_LOC_STRINGS = YES;
				SWIFT_VERSION = 5.0;
				TARGETED_DEVICE_FAMILY = "1,2";
			};
			name = Debug;
		};
		30033B642C624253007DBE0A /* Release */ = {
			isa = XCBuildConfiguration;
			buildSettings = {
				ASSETCATALOG_COMPILER_APPICON_NAME = AppIcon;
				ASSETCATALOG_COMPILER_GLOBAL_ACCENT_COLOR_NAME = AccentColor;
				CODE_SIGN_STYLE = Automatic;
				CURRENT_PROJECT_VERSION = 1;
				DEVELOPMENT_ASSET_PATHS = "\"TestStore/Preview Content\"";
				DEVELOPMENT_TEAM = AR6AN34RS9;
				ENABLE_PREVIEWS = YES;
				GENERATE_INFOPLIST_FILE = YES;
				INFOPLIST_KEY_UIApplicationSceneManifest_Generation = YES;
				INFOPLIST_KEY_UIApplicationSupportsIndirectInputEvents = YES;
				INFOPLIST_KEY_UILaunchScreen_Generation = YES;
				INFOPLIST_KEY_UISupportedInterfaceOrientations_iPad = "UIInterfaceOrientationPortrait UIInterfaceOrientationPortraitUpsideDown UIInterfaceOrientationLandscapeLeft UIInterfaceOrientationLandscapeRight";
				INFOPLIST_KEY_UISupportedInterfaceOrientations_iPhone = "UIInterfaceOrientationPortrait UIInterfaceOrientationLandscapeLeft UIInterfaceOrientationLandscapeRight";
				LD_RUNPATH_SEARCH_PATHS = (
					"$(inherited)",
					"@executable_path/Frameworks",
				);
				MARKETING_VERSION = 1.0;
				PRODUCT_BUNDLE_IDENTIFIER = home.TestStore;
				PRODUCT_NAME = "$(TARGET_NAME)";
				SWIFT_EMIT_LOC_STRINGS = YES;
				SWIFT_VERSION = 5.0;
				TARGETED_DEVICE_FAMILY = "1,2";
			};
			name = Release;
		};
/* End XCBuildConfiguration section */

/* Begin XCConfigurationList section */
		30033B4F2C624251007DBE0A /* Build configuration list for PBXProject "TestStore" */ = {
			isa = XCConfigurationList;
			buildConfigurations = (
				30033B602C624253007DBE0A /* Debug */,
				30033B612C624253007DBE0A /* Release */,
			);
			defaultConfigurationIsVisible = 0;
			defaultConfigurationName = Release;
		};
		30033B622C624253007DBE0A /* Build configuration list for PBXNativeTarget "TestStore" */ = {
			isa = XCConfigurationList;
			buildConfigurations = (
				30033B632C624253007DBE0A /* Debug */,
				30033B642C624253007DBE0A /* Release */,
			);
			defaultConfigurationIsVisible = 0;
			defaultConfigurationName = Release;
		};
/* End XCConfigurationList section */

/* Begin XCVersionGroup section */
		30033B732C63E0D9007DBE0A /* TestStore.xcdatamodeld */ = {
			isa = XCVersionGroup;
			children = (
				30033B742C63E0D9007DBE0A /* TestStore.xcdatamodel */,
			);
			currentVersion = 30033B742C63E0D9007DBE0A /* TestStore.xcdatamodel */;
			name = TestStore.xcdatamodeld;
			path = /Users/roman/Downloads/XcodeProgramm/TestStore/TestStore/CoreData/TestStore.xcdatamodeld;
			sourceTree = "<group>";
			versionGroupType = wrapper.xcdatamodel;
		};
/* End XCVersionGroup section */
	};
	rootObject = 30033B4C2C624251007DBE0A /* Project object */;
}
